// !$*UTF8*$!
{
	archiveVersion = 1;
	classes = {
	};
	objectVersion = 50;
	objects = {

/* Begin PBXBuildFile section */
		715DCCD320A2F70100A759E5 /* AppDelegate.swift in Sources */ = {isa = PBXBuildFile; fileRef = 715DCCD220A2F70100A759E5 /* AppDelegate.swift */; };
		715DCCD520A2F70100A759E5 /* ViewController.swift in Sources */ = {isa = PBXBuildFile; fileRef = 715DCCD420A2F70100A759E5 /* ViewController.swift */; };
		715DCCD820A2F70100A759E5 /* Main.storyboard in Resources */ = {isa = PBXBuildFile; fileRef = 715DCCD620A2F70100A759E5 /* Main.storyboard */; };
		715DCCDA20A2F70200A759E5 /* Assets.xcassets in Resources */ = {isa = PBXBuildFile; fileRef = 715DCCD920A2F70200A759E5 /* Assets.xcassets */; };
		715DCCDD20A2F70200A759E5 /* LaunchScreen.storyboard in Resources */ = {isa = PBXBuildFile; fileRef = 715DCCDB20A2F70200A759E5 /* LaunchScreen.storyboard */; };
		715DCCE820A2F70200A759E5 /* DFS_iOSTests.swift in Sources */ = {isa = PBXBuildFile; fileRef = 715DCCE720A2F70200A759E5 /* DFS_iOSTests.swift */; };
		715DCCF320A2F70200A759E5 /* DFS_iOSUITests.swift in Sources */ = {isa = PBXBuildFile; fileRef = 715DCCF220A2F70200A759E5 /* DFS_iOSUITests.swift */; };
/* End PBXBuildFile section */

/* Begin PBXContainerItemProxy section */
		715DCCE420A2F70200A759E5 /* PBXContainerItemProxy */ = {
			isa = PBXContainerItemProxy;
			containerPortal = 715DCCC720A2F70100A759E5 /* Project object */;
			proxyType = 1;
			remoteGlobalIDString = 715DCCCE20A2F70100A759E5;
			remoteInfo = "DFS-iOS";
		};
		715DCCEF20A2F70200A759E5 /* PBXContainerItemProxy */ = {
			isa = PBXContainerItemProxy;
			containerPortal = 715DCCC720A2F70100A759E5 /* Project object */;
			proxyType = 1;
			remoteGlobalIDString = 715DCCCE20A2F70100A759E5;
			remoteInfo = "DFS-iOS";
		};
/* End PBXContainerItemProxy section */

/* Begin PBXFileReference section */
		715DCCCF20A2F70100A759E5 /* DFS-iOS.app */ = {isa = PBXFileReference; explicitFileType = wrapper.application; includeInIndex = 0; path = "DFS-iOS.app"; sourceTree = BUILT_PRODUCTS_DIR; };
		715DCCD220A2F70100A759E5 /* AppDelegate.swift */ = {isa = PBXFileReference; lastKnownFileType = sourcecode.swift; path = AppDelegate.swift; sourceTree = "<group>"; };
		715DCCD420A2F70100A759E5 /* ViewController.swift */ = {isa = PBXFileReference; lastKnownFileType = sourcecode.swift; path = ViewController.swift; sourceTree = "<group>"; };
		715DCCD720A2F70100A759E5 /* Base */ = {isa = PBXFileReference; lastKnownFileType = file.storyboard; name = Base; path = Base.lproj/Main.storyboard; sourceTree = "<group>"; };
		715DCCD920A2F70200A759E5 /* Assets.xcassets */ = {isa = PBXFileReference; lastKnownFileType = folder.assetcatalog; path = Assets.xcassets; sourceTree = "<group>"; };
		715DCCDC20A2F70200A759E5 /* Base */ = {isa = PBXFileReference; lastKnownFileType = file.storyboard; name = Base; path = Base.lproj/LaunchScreen.storyboard; sourceTree = "<group>"; };
		715DCCDE20A2F70200A759E5 /* Info.plist */ = {isa = PBXFileReference; lastKnownFileType = text.plist.xml; path = Info.plist; sourceTree = "<group>"; };
		715DCCE320A2F70200A759E5 /* DFS-iOSTests.xctest */ = {isa = PBXFileReference; explicitFileType = wrapper.cfbundle; includeInIndex = 0; path = "DFS-iOSTests.xctest"; sourceTree = BUILT_PRODUCTS_DIR; };
		715DCCE720A2F70200A759E5 /* DFS_iOSTests.swift */ = {isa = PBXFileReference; lastKnownFileType = sourcecode.swift; path = DFS_iOSTests.swift; sourceTree = "<group>"; };
		715DCCE920A2F70200A759E5 /* Info.plist */ = {isa = PBXFileReference; lastKnownFileType = text.plist.xml; path = Info.plist; sourceTree = "<group>"; };
		715DCCEE20A2F70200A759E5 /* DFS-iOSUITests.xctest */ = {isa = PBXFileReference; explicitFileType = wrapper.cfbundle; includeInIndex = 0; path = "DFS-iOSUITests.xctest"; sourceTree = BUILT_PRODUCTS_DIR; };
		715DCCF220A2F70200A759E5 /* DFS_iOSUITests.swift */ = {isa = PBXFileReference; lastKnownFileType = sourcecode.swift; path = DFS_iOSUITests.swift; sourceTree = "<group>"; };
		715DCCF420A2F70200A759E5 /* Info.plist */ = {isa = PBXFileReference; lastKnownFileType = text.plist.xml; path = Info.plist; sourceTree = "<group>"; };
/* End PBXFileReference section */

/* Begin PBXFrameworksBuildPhase section */
		715DCCCC20A2F70100A759E5 /* Frameworks */ = {
			isa = PBXFrameworksBuildPhase;
			buildActionMask = 2147483647;
			files = (
			);
			runOnlyForDeploymentPostprocessing = 0;
		};
		715DCCE020A2F70200A759E5 /* Frameworks */ = {
			isa = PBXFrameworksBuildPhase;
			buildActionMask = 2147483647;
			files = (
			);
			runOnlyForDeploymentPostprocessing = 0;
		};
		715DCCEB20A2F70200A759E5 /* Frameworks */ = {
			isa = PBXFrameworksBuildPhase;
			buildActionMask = 2147483647;
			files = (
			);
			runOnlyForDeploymentPostprocessing = 0;
		};
/* End PBXFrameworksBuildPhase section */

/* Begin PBXGroup section */
		715DCCC620A2F70100A759E5 = {
			isa = PBXGroup;
			children = (
				715DCCD120A2F70100A759E5 /* DFS-iOS */,
				715DCCE620A2F70200A759E5 /* DFS-iOSTests */,
				715DCCF120A2F70200A759E5 /* DFS-iOSUITests */,
				715DCCD020A2F70100A759E5 /* Products */,
			);
			sourceTree = "<group>";
		};
		715DCCD020A2F70100A759E5 /* Products */ = {
			isa = PBXGroup;
			children = (
				715DCCCF20A2F70100A759E5 /* DFS-iOS.app */,
				715DCCE320A2F70200A759E5 /* DFS-iOSTests.xctest */,
				715DCCEE20A2F70200A759E5 /* DFS-iOSUITests.xctest */,
			);
			name = Products;
			sourceTree = "<group>";
		};
		715DCCD120A2F70100A759E5 /* DFS-iOS */ = {
			isa = PBXGroup;
			children = (
				715DCCD220A2F70100A759E5 /* AppDelegate.swift */,
				715DCCD420A2F70100A759E5 /* ViewController.swift */,
				715DCCD620A2F70100A759E5 /* Main.storyboard */,
				715DCCD920A2F70200A759E5 /* Assets.xcassets */,
				715DCCDB20A2F70200A759E5 /* LaunchScreen.storyboard */,
				715DCCDE20A2F70200A759E5 /* Info.plist */,
			);
			path = "DFS-iOS";
			sourceTree = "<group>";
		};
		715DCCE620A2F70200A759E5 /* DFS-iOSTests */ = {
			isa = PBXGroup;
			children = (
				715DCCE720A2F70200A759E5 /* DFS_iOSTests.swift */,
				715DCCE920A2F70200A759E5 /* Info.plist */,
			);
			path = "DFS-iOSTests";
			sourceTree = "<group>";
		};
		715DCCF120A2F70200A759E5 /* DFS-iOSUITests */ = {
			isa = PBXGroup;
			children = (
				715DCCF220A2F70200A759E5 /* DFS_iOSUITests.swift */,
				715DCCF420A2F70200A759E5 /* Info.plist */,
			);
			path = "DFS-iOSUITests";
			sourceTree = "<group>";
		};
/* End PBXGroup section */

/* Begin PBXNativeTarget section */
		715DCCCE20A2F70100A759E5 /* DFS-iOS */ = {
			isa = PBXNativeTarget;
			buildConfigurationList = 715DCCF720A2F70200A759E5 /* Build configuration list for PBXNativeTarget "DFS-iOS" */;
			buildPhases = (
				715DCCCB20A2F70100A759E5 /* Sources */,
				715DCCCC20A2F70100A759E5 /* Frameworks */,
				715DCCCD20A2F70100A759E5 /* Resources */,
			);
			buildRules = (
			);
			dependencies = (
			);
			name = "DFS-iOS";
			productName = "DFS-iOS";
			productReference = 715DCCCF20A2F70100A759E5 /* DFS-iOS.app */;
			productType = "com.apple.product-type.application";
		};
		715DCCE220A2F70200A759E5 /* DFS-iOSTests */ = {
			isa = PBXNativeTarget;
			buildConfigurationList = 715DCCFA20A2F70200A759E5 /* Build configuration list for PBXNativeTarget "DFS-iOSTests" */;
			buildPhases = (
				715DCCDF20A2F70200A759E5 /* Sources */,
				715DCCE020A2F70200A759E5 /* Frameworks */,
				715DCCE120A2F70200A759E5 /* Resources */,
			);
			buildRules = (
			);
			dependencies = (
				715DCCE520A2F70200A759E5 /* PBXTargetDependency */,
			);
			name = "DFS-iOSTests";
			productName = "DFS-iOSTests";
			productReference = 715DCCE320A2F70200A759E5 /* DFS-iOSTests.xctest */;
			productType = "com.apple.product-type.bundle.unit-test";
		};
		715DCCED20A2F70200A759E5 /* DFS-iOSUITests */ = {
			isa = PBXNativeTarget;
			buildConfigurationList = 715DCCFD20A2F70200A759E5 /* Build configuration list for PBXNativeTarget "DFS-iOSUITests" */;
			buildPhases = (
				715DCCEA20A2F70200A759E5 /* Sources */,
				715DCCEB20A2F70200A759E5 /* Frameworks */,
				715DCCEC20A2F70200A759E5 /* Resources */,
			);
			buildRules = (
			);
			dependencies = (
				715DCCF020A2F70200A759E5 /* PBXTargetDependency */,
			);
			name = "DFS-iOSUITests";
			productName = "DFS-iOSUITests";
			productReference = 715DCCEE20A2F70200A759E5 /* DFS-iOSUITests.xctest */;
			productType = "com.apple.product-type.bundle.ui-testing";
		};
/* End PBXNativeTarget section */

/* Begin PBXProject section */
		715DCCC720A2F70100A759E5 /* Project object */ = {
			isa = PBXProject;
			attributes = {
				LastSwiftUpdateCheck = 0930;
				LastUpgradeCheck = 0930;
				ORGANIZATIONNAME = philp_sc;
				TargetAttributes = {
					715DCCCE20A2F70100A759E5 = {
						CreatedOnToolsVersion = 9.3;
					};
					715DCCE220A2F70200A759E5 = {
						CreatedOnToolsVersion = 9.3;
						TestTargetID = 715DCCCE20A2F70100A759E5;
					};
					715DCCED20A2F70200A759E5 = {
						CreatedOnToolsVersion = 9.3;
						TestTargetID = 715DCCCE20A2F70100A759E5;
					};
				};
			};
			buildConfigurationList = 715DCCCA20A2F70100A759E5 /* Build configuration list for PBXProject "DFS-iOS" */;
			compatibilityVersion = "Xcode 9.3";
			developmentRegion = en;
			hasScannedForEncodings = 0;
			knownRegions = (
				en,
				Base,
			);
			mainGroup = 715DCCC620A2F70100A759E5;
			productRefGroup = 715DCCD020A2F70100A759E5 /* Products */;
			projectDirPath = "";
			projectRoot = "";
			targets = (
				715DCCCE20A2F70100A759E5 /* DFS-iOS */,
				715DCCE220A2F70200A759E5 /* DFS-iOSTests */,
				715DCCED20A2F70200A759E5 /* DFS-iOSUITests */,
			);
		};
/* End PBXProject section */

/* Begin PBXResourcesBuildPhase section */
		715DCCCD20A2F70100A759E5 /* Resources */ = {
			isa = PBXResourcesBuildPhase;
			buildActionMask = 2147483647;
			files = (
				715DCCDD20A2F70200A759E5 /* LaunchScreen.storyboard in Resources */,
				715DCCDA20A2F70200A759E5 /* Assets.xcassets in Resources */,
				715DCCD820A2F70100A759E5 /* Main.storyboard in Resources */,
			);
			runOnlyForDeploymentPostprocessing = 0;
		};
		715DCCE120A2F70200A759E5 /* Resources */ = {
			isa = PBXResourcesBuildPhase;
			buildActionMask = 2147483647;
			files = (
			);
			runOnlyForDeploymentPostprocessing = 0;
		};
		715DCCEC20A2F70200A759E5 /* Resources */ = {
			isa = PBXResourcesBuildPhase;
			buildActionMask = 2147483647;
			files = (
			);
			runOnlyForDeploymentPostprocessing = 0;
		};
/* End PBXResourcesBuildPhase section */

/* Begin PBXSourcesBuildPhase section */
		715DCCCB20A2F70100A759E5 /* Sources */ = {
			isa = PBXSourcesBuildPhase;
			buildActionMask = 2147483647;
			files = (
				715DCCD520A2F70100A759E5 /* ViewController.swift in Sources */,
				715DCCD320A2F70100A759E5 /* AppDelegate.swift in Sources */,
			);
			runOnlyForDeploymentPostprocessing = 0;
		};
		715DCCDF20A2F70200A759E5 /* Sources */ = {
			isa = PBXSourcesBuildPhase;
			buildActionMask = 2147483647;
			files = (
				715DCCE820A2F70200A759E5 /* DFS_iOSTests.swift in Sources */,
			);
			runOnlyForDeploymentPostprocessing = 0;
		};
		715DCCEA20A2F70200A759E5 /* Sources */ = {
			isa = PBXSourcesBuildPhase;
			buildActionMask = 2147483647;
			files = (
				715DCCF320A2F70200A759E5 /* DFS_iOSUITests.swift in Sources */,
			);
			runOnlyForDeploymentPostprocessing = 0;
		};
/* End PBXSourcesBuildPhase section */

/* Begin PBXTargetDependency section */
		715DCCE520A2F70200A759E5 /* PBXTargetDependency */ = {
			isa = PBXTargetDependency;
			target = 715DCCCE20A2F70100A759E5 /* DFS-iOS */;
			targetProxy = 715DCCE420A2F70200A759E5 /* PBXContainerItemProxy */;
		};
		715DCCF020A2F70200A759E5 /* PBXTargetDependency */ = {
			isa = PBXTargetDependency;
			target = 715DCCCE20A2F70100A759E5 /* DFS-iOS */;
			targetProxy = 715DCCEF20A2F70200A759E5 /* PBXContainerItemProxy */;
		};
/* End PBXTargetDependency section */

/* Begin PBXVariantGroup section */
		715DCCD620A2F70100A759E5 /* Main.storyboard */ = {
			isa = PBXVariantGroup;
			children = (
				715DCCD720A2F70100A759E5 /* Base */,
			);
			name = Main.storyboard;
			sourceTree = "<group>";
		};
		715DCCDB20A2F70200A759E5 /* LaunchScreen.storyboard */ = {
			isa = PBXVariantGroup;
			children = (
				715DCCDC20A2F70200A759E5 /* Base */,
			);
			name = LaunchScreen.storyboard;
			sourceTree = "<group>";
		};
/* End PBXVariantGroup section */

/* Begin XCBuildConfiguration section */
		715DCCF520A2F70200A759E5 /* Debug */ = {
			isa = XCBuildConfiguration;
			buildSettings = {
				ALWAYS_SEARCH_USER_PATHS = NO;
				CLANG_ANALYZER_NONNULL = YES;
				CLANG_ANALYZER_NUMBER_OBJECT_CONVERSION = YES_AGGRESSIVE;
				CLANG_CXX_LANGUAGE_STANDARD = "gnu++14";
				CLANG_CXX_LIBRARY = "libc++";
				CLANG_ENABLE_MODULES = YES;
				CLANG_ENABLE_OBJC_ARC = YES;
				CLANG_ENABLE_OBJC_WEAK = YES;
				CLANG_WARN_BLOCK_CAPTURE_AUTORELEASING = YES;
				CLANG_WARN_BOOL_CONVERSION = YES;
				CLANG_WARN_COMMA = YES;
				CLANG_WARN_CONSTANT_CONVERSION = YES;
				CLANG_WARN_DEPRECATED_OBJC_IMPLEMENTATIONS = YES;
				CLANG_WARN_DIRECT_OBJC_ISA_USAGE = YES_ERROR;
				CLANG_WARN_DOCUMENTATION_COMMENTS = YES;
				CLANG_WARN_EMPTY_BODY = YES;
				CLANG_WARN_ENUM_CONVERSION = YES;
				CLANG_WARN_INFINITE_RECURSION = YES;
				CLANG_WARN_INT_CONVERSION = YES;
				CLANG_WARN_NON_LITERAL_NULL_CONVERSION = YES;
				CLANG_WARN_OBJC_IMPLICIT_RETAIN_SELF = YES;
				CLANG_WARN_OBJC_LITERAL_CONVERSION = YES;
				CLANG_WARN_OBJC_ROOT_CLASS = YES_ERROR;
				CLANG_WARN_RANGE_LOOP_ANALYSIS = YES;
				CLANG_WARN_STRICT_PROTOTYPES = YES;
				CLANG_WARN_SUSPICIOUS_MOVE = YES;
				CLANG_WARN_UNGUARDED_AVAILABILITY = YES_AGGRESSIVE;
				CLANG_WARN_UNREACHABLE_CODE = YES;
				CLANG_WARN__DUPLICATE_METHOD_MATCH = YES;
				CODE_SIGN_IDENTITY = "iPhone Developer";
				COPY_PHASE_STRIP = NO;
				DEBUG_INFORMATION_FORMAT = dwarf;
				ENABLE_STRICT_OBJC_MSGSEND = YES;
				ENABLE_TESTABILITY = YES;
				GCC_C_LANGUAGE_STANDARD = gnu11;
				GCC_DYNAMIC_NO_PIC = NO;
				GCC_NO_COMMON_BLOCKS = YES;
				GCC_OPTIMIZATION_LEVEL = 0;
				GCC_PREPROCESSOR_DEFINITIONS = (
					"DEBUG=1",
					"$(inherited)",
				);
				GCC_WARN_64_TO_32_BIT_CONVERSION = YES;
				GCC_WARN_ABOUT_RETURN_TYPE = YES_ERROR;
				GCC_WARN_UNDECLARED_SELECTOR = YES;
				GCC_WARN_UNINITIALIZED_AUTOS = YES_AGGRESSIVE;
				GCC_WARN_UNUSED_FUNCTION = YES;
				GCC_WARN_UNUSED_VARIABLE = YES;
				IPHONEOS_DEPLOYMENT_TARGET = 11.3;
				MTL_ENABLE_DEBUG_INFO = YES;
				ONLY_ACTIVE_ARCH = YES;
				SDKROOT = iphoneos;
				SWIFT_ACTIVE_COMPILATION_CONDITIONS = DEBUG;
				SWIFT_OPTIMIZATION_LEVEL = "-Onone";
			};
			name = Debug;
		};
		715DCCF620A2F70200A759E5 /* Release */ = {
			isa = XCBuildConfiguration;
			buildSettings = {
				ALWAYS_SEARCH_USER_PATHS = NO;
				CLANG_ANALYZER_NONNULL = YES;
				CLANG_ANALYZER_NUMBER_OBJECT_CONVERSION = YES_AGGRESSIVE;
				CLANG_CXX_LANGUAGE_STANDARD = "gnu++14";
				CLANG_CXX_LIBRARY = "libc++";
				CLANG_ENABLE_MODULES = YES;
				CLANG_ENABLE_OBJC_ARC = YES;
				CLANG_ENABLE_OBJC_WEAK = YES;
				CLANG_WARN_BLOCK_CAPTURE_AUTORELEASING = YES;
				CLANG_WARN_BOOL_CONVERSION = YES;
				CLANG_WARN_COMMA = YES;
				CLANG_WARN_CONSTANT_CONVERSION = YES;
				CLANG_WARN_DEPRECATED_OBJC_IMPLEMENTATIONS = YES;
				CLANG_WARN_DIRECT_OBJC_ISA_USAGE = YES_ERROR;
				CLANG_WARN_DOCUMENTATION_COMMENTS = YES;
				CLANG_WARN_EMPTY_BODY = YES;
				CLANG_WARN_ENUM_CONVERSION = YES;
				CLANG_WARN_INFINITE_RECURSION = YES;
				CLANG_WARN_INT_CONVERSION = YES;
				CLANG_WARN_NON_LITERAL_NULL_CONVERSION = YES;
				CLANG_WARN_OBJC_IMPLICIT_RETAIN_SELF = YES;
				CLANG_WARN_OBJC_LITERAL_CONVERSION = YES;
				CLANG_WARN_OBJC_ROOT_CLASS = YES_ERROR;
				CLANG_WARN_RANGE_LOOP_ANALYSIS = YES;
				CLANG_WARN_STRICT_PROTOTYPES = YES;
				CLANG_WARN_SUSPICIOUS_MOVE = YES;
				CLANG_WARN_UNGUARDED_AVAILABILITY = YES_AGGRESSIVE;
				CLANG_WARN_UNREACHABLE_CODE = YES;
				CLANG_WARN__DUPLICATE_METHOD_MATCH = YES;
				CODE_SIGN_IDENTITY = "iPhone Developer";
				COPY_PHASE_STRIP = NO;
				DEBUG_INFORMATION_FORMAT = "dwarf-with-dsym";
				ENABLE_NS_ASSERTIONS = NO;
				ENABLE_STRICT_OBJC_MSGSEND = YES;
				GCC_C_LANGUAGE_STANDARD = gnu11;
				GCC_NO_COMMON_BLOCKS = YES;
				GCC_WARN_64_TO_32_BIT_CONVERSION = YES;
				GCC_WARN_ABOUT_RETURN_TYPE = YES_ERROR;
				GCC_WARN_UNDECLARED_SELECTOR = YES;
				GCC_WARN_UNINITIALIZED_AUTOS = YES_AGGRESSIVE;
				GCC_WARN_UNUSED_FUNCTION = YES;
				GCC_WARN_UNUSED_VARIABLE = YES;
				IPHONEOS_DEPLOYMENT_TARGET = 11.3;
				MTL_ENABLE_DEBUG_INFO = NO;
				SDKROOT = iphoneos;
				SWIFT_COMPILATION_MODE = wholemodule;
				SWIFT_OPTIMIZATION_LEVEL = "-O";
				VALIDATE_PRODUCT = YES;
			};
			name = Release;
		};
		715DCCF820A2F70200A759E5 /* Debug */ = {
			isa = XCBuildConfiguration;
			buildSettings = {
				ASSETCATALOG_COMPILER_APPICON_NAME = AppIcon;
				CODE_SIGN_STYLE = Automatic;
				DEVELOPMENT_TEAM = 2WQWMT9QB9;
				INFOPLIST_FILE = "DFS-iOS/Info.plist";
				LD_RUNPATH_SEARCH_PATHS = (
					"$(inherited)",
					"@executable_path/Frameworks",
				);
				PRODUCT_BUNDLE_IDENTIFIER = "pp.DFS-iOS";
				PRODUCT_NAME = "$(TARGET_NAME)";
				SWIFT_VERSION = 4.0;
				TARGETED_DEVICE_FAMILY = "1,2";
			};
			name = Debug;
		};
		715DCCF920A2F70200A759E5 /* Release */ = {
			isa = XCBuildConfiguration;
			buildSettings = {
				ASSETCATALOG_COMPILER_APPICON_NAME = AppIcon;
				CODE_SIGN_STYLE = Automatic;
				DEVELOPMENT_TEAM = 2WQWMT9QB9;
				INFOPLIST_FILE = "DFS-iOS/Info.plist";
				LD_RUNPATH_SEARCH_PATHS = (
					"$(inherited)",
					"@executable_path/Frameworks",
				);
				PRODUCT_BUNDLE_IDENTIFIER = "pp.DFS-iOS";
				PRODUCT_NAME = "$(TARGET_NAME)";
				SWIFT_VERSION = 4.0;
				TARGETED_DEVICE_FAMILY = "1,2";
			};
			name = Release;
		};
		715DCCFB20A2F70200A759E5 /* Debug */ = {
			isa = XCBuildConfiguration;
			buildSettings = {
				ALWAYS_EMBED_SWIFT_STANDARD_LIBRARIES = YES;
				BUNDLE_LOADER = "$(TEST_HOST)";
				CODE_SIGN_STYLE = Automatic;
				DEVELOPMENT_TEAM = 2WQWMT9QB9;
				INFOPLIST_FILE = "DFS-iOSTests/Info.plist";
				LD_RUNPATH_SEARCH_PATHS = (
					"$(inherited)",
					"@executable_path/Frameworks",
					"@loader_path/Frameworks",
				);
				PRODUCT_BUNDLE_IDENTIFIER = "pp.DFS-iOSTests";
				PRODUCT_NAME = "$(TARGET_NAME)";
				SWIFT_VERSION = 4.0;
				TARGETED_DEVICE_FAMILY = "1,2";
				TEST_HOST = "$(BUILT_PRODUCTS_DIR)/DFS-iOS.app/DFS-iOS";
			};
			name = Debug;
		};
		715DCCFC20A2F70200A759E5 /* Release */ = {
			isa = XCBuildConfiguration;
			buildSettings = {
				ALWAYS_EMBED_SWIFT_STANDARD_LIBRARIES = YES;
				BUNDLE_LOADER = "$(TEST_HOST)";
				CODE_SIGN_STYLE = Automatic;
				DEVELOPMENT_TEAM = 2WQWMT9QB9;
				INFOPLIST_FILE = "DFS-iOSTests/Info.plist";
				LD_RUNPATH_SEARCH_PATHS = (
					"$(inherited)",
					"@executable_path/Frameworks",
					"@loader_path/Frameworks",
				);
				PRODUCT_BUNDLE_IDENTIFIER = "pp.DFS-iOSTests";
				PRODUCT_NAME = "$(TARGET_NAME)";
				SWIFT_VERSION = 4.0;
				TARGETED_DEVICE_FAMILY = "1,2";
				TEST_HOST = "$(BUILT_PRODUCTS_DIR)/DFS-iOS.app/DFS-iOS";
			};
			name = Release;
		};
		715DCCFE20A2F70200A759E5 /* Debug */ = {
			isa = XCBuildConfiguration;
			buildSettings = {
				ALWAYS_EMBED_SWIFT_STANDARD_LIBRARIES = YES;
				CODE_SIGN_STYLE = Automatic;
				DEVELOPMENT_TEAM = 2WQWMT9QB9;
				INFOPLIST_FILE = "DFS-iOSUITests/Info.plist";
				LD_RUNPATH_SEARCH_PATHS = (
					"$(inherited)",
					"@executable_path/Frameworks",
					"@loader_path/Frameworks",
				);
				PRODUCT_BUNDLE_IDENTIFIER = "pp.DFS-iOSUITests";
				PRODUCT_NAME = "$(TARGET_NAME)";
				SWIFT_VERSION = 4.0;
				TARGETED_DEVICE_FAMILY = "1,2";
				TEST_TARGET_NAME = "DFS-iOS";
			};
			name = Debug;
		};
		715DCCFF20A2F70200A759E5 /* Release */ = {
			isa = XCBuildConfiguration;
			buildSettings = {
				ALWAYS_EMBED_SWIFT_STANDARD_LIBRARIES = YES;
				CODE_SIGN_STYLE = Automatic;
				DEVELOPMENT_TEAM = 2WQWMT9QB9;
				INFOPLIST_FILE = "DFS-iOSUITests/Info.plist";
				LD_RUNPATH_SEARCH_PATHS = (
					"$(inherited)",
					"@executable_path/Frameworks",
					"@loader_path/Frameworks",
				);
				PRODUCT_BUNDLE_IDENTIFIER = "pp.DFS-iOSUITests";
				PRODUCT_NAME = "$(TARGET_NAME)";
				SWIFT_VERSION = 4.0;
				TARGETED_DEVICE_FAMILY = "1,2";
				TEST_TARGET_NAME = "DFS-iOS";
			};
			name = Release;
		};
/* End XCBuildConfiguration section */

/* Begin XCConfigurationList section */
		715DCCCA20A2F70100A759E5 /* Build configuration list for PBXProject "DFS-iOS" */ = {
			isa = XCConfigurationList;
			buildConfigurations = (
				715DCCF520A2F70200A759E5 /* Debug */,
				715DCCF620A2F70200A759E5 /* Release */,
			);
			defaultConfigurationIsVisible = 0;
			defaultConfigurationName = Release;
		};
		715DCCF720A2F70200A759E5 /* Build configuration list for PBXNativeTarget "DFS-iOS" */ = {
			isa = XCConfigurationList;
			buildConfigurations = (
				715DCCF820A2F70200A759E5 /* Debug */,
				715DCCF920A2F70200A759E5 /* Release */,
			);
			defaultConfigurationIsVisible = 0;
			defaultConfigurationName = Release;
		};
		715DCCFA20A2F70200A759E5 /* Build configuration list for PBXNativeTarget "DFS-iOSTests" */ = {
			isa = XCConfigurationList;
			buildConfigurations = (
				715DCCFB20A2F70200A759E5 /* Debug */,
				715DCCFC20A2F70200A759E5 /* Release */,
			);
			defaultConfigurationIsVisible = 0;
			defaultConfigurationName = Release;
		};
		715DCCFD20A2F70200A759E5 /* Build configuration list for PBXNativeTarget "DFS-iOSUITests" */ = {
			isa = XCConfigurationList;
			buildConfigurations = (
				715DCCFE20A2F70200A759E5 /* Debug */,
				715DCCFF20A2F70200A759E5 /* Release */,
			);
			defaultConfigurationIsVisible = 0;
			defaultConfigurationName = Release;
		};
/* End XCConfigurationList section */
	};
	rootObject = 715DCCC720A2F70100A759E5 /* Project object */;
}
